// !$*UTF8*$!
{
	archiveVersion = 1;
	classes = {
	};
	objectVersion = 56;
	objects = {

/* Begin PBXBuildFile section */
		266D079A2AE8FD2900DA58E8 /* UserResult.swift in Sources */ = {isa = PBXBuildFile; fileRef = 266D07992AE8FD2900DA58E8 /* UserResult.swift */; };
		266D079C2AE8FD9500DA58E8 /* ImageResult.swift in Sources */ = {isa = PBXBuildFile; fileRef = 266D079B2AE8FD9500DA58E8 /* ImageResult.swift */; };
		266D079E2AE8FDB300DA58E8 /* Profile.swift in Sources */ = {isa = PBXBuildFile; fileRef = 266D079D2AE8FDB300DA58E8 /* Profile.swift */; };
		266D07A02AE8FDCC00DA58E8 /* ProfileResult.swift in Sources */ = {isa = PBXBuildFile; fileRef = 266D079F2AE8FDCC00DA58E8 /* ProfileResult.swift */; };
		266D07A32AE903D900DA58E8 /* ImageListService.swift in Sources */ = {isa = PBXBuildFile; fileRef = 266D07A22AE903D900DA58E8 /* ImageListService.swift */; };
		266D07A52AE9042F00DA58E8 /* Photo.swift in Sources */ = {isa = PBXBuildFile; fileRef = 266D07A42AE9042F00DA58E8 /* Photo.swift */; };
		266D07A72AE9092F00DA58E8 /* PhotoResult.swift in Sources */ = {isa = PBXBuildFile; fileRef = 266D07A62AE9092F00DA58E8 /* PhotoResult.swift */; };
		266D07A92AE9094D00DA58E8 /* UrlsResult.swift in Sources */ = {isa = PBXBuildFile; fileRef = 266D07A82AE9094D00DA58E8 /* UrlsResult.swift */; };
		26B61BE92ADACA7000A7A47A /* ProgressHUD in Frameworks */ = {isa = PBXBuildFile; productRef = 26B61BE82ADACA7000A7A47A /* ProgressHUD */; };
		26B61BEB2ADAE39500A7A47A /* UIBlockingProgressHUD.swift in Sources */ = {isa = PBXBuildFile; fileRef = 26B61BEA2ADAE39500A7A47A /* UIBlockingProgressHUD.swift */; };
		26B61BED2ADAE4C000A7A47A /* ProfileService.swift in Sources */ = {isa = PBXBuildFile; fileRef = 26B61BEC2ADAE4C000A7A47A /* ProfileService.swift */; };
		26B61BEF2ADB222500A7A47A /* ProfileImageService.swift in Sources */ = {isa = PBXBuildFile; fileRef = 26B61BEE2ADB222500A7A47A /* ProfileImageService.swift */; };
		26B61BF22ADBF27A00A7A47A /* Kingfisher in Frameworks */ = {isa = PBXBuildFile; productRef = 26B61BF12ADBF27A00A7A47A /* Kingfisher */; };
		26B61BF72AE0092500A7A47A /* SwiftKeychainWrapper in Frameworks */ = {isa = PBXBuildFile; productRef = 26B61BF62AE0092500A7A47A /* SwiftKeychainWrapper */; };
		26B61BF92AE030F900A7A47A /* TabBarController.swift in Sources */ = {isa = PBXBuildFile; fileRef = 26B61BF82AE030F900A7A47A /* TabBarController.swift */; };
		26EA634C2A9A144300141F44 /* AppDelegate.swift in Sources */ = {isa = PBXBuildFile; fileRef = 26EA634B2A9A144300141F44 /* AppDelegate.swift */; };
		26EA634E2A9A144300141F44 /* SceneDelegate.swift in Sources */ = {isa = PBXBuildFile; fileRef = 26EA634D2A9A144300141F44 /* SceneDelegate.swift */; };
		26EA63502A9A144300141F44 /* ImagesListViewController.swift in Sources */ = {isa = PBXBuildFile; fileRef = 26EA634F2A9A144300141F44 /* ImagesListViewController.swift */; };
		26EA63532A9A144300141F44 /* Main.storyboard in Resources */ = {isa = PBXBuildFile; fileRef = 26EA63512A9A144300141F44 /* Main.storyboard */; };
		26EA63552A9A144500141F44 /* Assets.xcassets in Resources */ = {isa = PBXBuildFile; fileRef = 26EA63542A9A144500141F44 /* Assets.xcassets */; };
		26EA63582A9A144500141F44 /* LaunchScreen.storyboard in Resources */ = {isa = PBXBuildFile; fileRef = 26EA63562A9A144500141F44 /* LaunchScreen.storyboard */; };
		26EA63802AA24F0E00141F44 /* ImagesListCell.swift in Sources */ = {isa = PBXBuildFile; fileRef = 26EA637F2AA24F0E00141F44 /* ImagesListCell.swift */; };
		26EA63852AAC5A7300141F44 /* ProfileViewController.swift in Sources */ = {isa = PBXBuildFile; fileRef = 26EA63842AAC5A7300141F44 /* ProfileViewController.swift */; };
		26EA63872AB7522B00141F44 /* SingleImageViewController.swift in Sources */ = {isa = PBXBuildFile; fileRef = 26EA63862AB7522B00141F44 /* SingleImageViewController.swift */; };
		26EA638B2ACC78D900141F44 /* Constants.swift in Sources */ = {isa = PBXBuildFile; fileRef = 26EA638A2ACC78D900141F44 /* Constants.swift */; };
		26EA638D2ACC7DBF00141F44 /* AuthViewController.swift in Sources */ = {isa = PBXBuildFile; fileRef = 26EA638C2ACC7DBF00141F44 /* AuthViewController.swift */; };
		26EA63902ACC832100141F44 /* WebViewViewController.swift in Sources */ = {isa = PBXBuildFile; fileRef = 26EA638F2ACC832100141F44 /* WebViewViewController.swift */; };
		26EA63982ACCA17E00141F44 /* OAuth2Service.swift in Sources */ = {isa = PBXBuildFile; fileRef = 26EA63972ACCA17E00141F44 /* OAuth2Service.swift */; };
		26EA639A2ACCA6E500141F44 /* OAuthTokenResponseBody.swift in Sources */ = {isa = PBXBuildFile; fileRef = 26EA63992ACCA6E500141F44 /* OAuthTokenResponseBody.swift */; };
		26EA639D2ACDE29600141F44 /* SplashScreenViewController.swift in Sources */ = {isa = PBXBuildFile; fileRef = 26EA639C2ACDE29600141F44 /* SplashScreenViewController.swift */; };
/* End PBXBuildFile section */

/* Begin PBXFileReference section */
		266D07992AE8FD2900DA58E8 /* UserResult.swift */ = {isa = PBXFileReference; lastKnownFileType = sourcecode.swift; path = UserResult.swift; sourceTree = "<group>"; };
		266D079B2AE8FD9500DA58E8 /* ImageResult.swift */ = {isa = PBXFileReference; lastKnownFileType = sourcecode.swift; path = ImageResult.swift; sourceTree = "<group>"; };
		266D079D2AE8FDB300DA58E8 /* Profile.swift */ = {isa = PBXFileReference; lastKnownFileType = sourcecode.swift; path = Profile.swift; sourceTree = "<group>"; };
		266D079F2AE8FDCC00DA58E8 /* ProfileResult.swift */ = {isa = PBXFileReference; lastKnownFileType = sourcecode.swift; path = ProfileResult.swift; sourceTree = "<group>"; };
		266D07A22AE903D900DA58E8 /* ImageListService.swift */ = {isa = PBXFileReference; lastKnownFileType = sourcecode.swift; path = ImageListService.swift; sourceTree = "<group>"; };
		266D07A42AE9042F00DA58E8 /* Photo.swift */ = {isa = PBXFileReference; lastKnownFileType = sourcecode.swift; path = Photo.swift; sourceTree = "<group>"; };
		266D07A62AE9092F00DA58E8 /* PhotoResult.swift */ = {isa = PBXFileReference; lastKnownFileType = sourcecode.swift; path = PhotoResult.swift; sourceTree = "<group>"; };
		266D07A82AE9094D00DA58E8 /* UrlsResult.swift */ = {isa = PBXFileReference; lastKnownFileType = sourcecode.swift; path = UrlsResult.swift; sourceTree = "<group>"; };
		26B61BEA2ADAE39500A7A47A /* UIBlockingProgressHUD.swift */ = {isa = PBXFileReference; lastKnownFileType = sourcecode.swift; path = UIBlockingProgressHUD.swift; sourceTree = "<group>"; };
		26B61BEC2ADAE4C000A7A47A /* ProfileService.swift */ = {isa = PBXFileReference; lastKnownFileType = sourcecode.swift; path = ProfileService.swift; sourceTree = "<group>"; };
		26B61BEE2ADB222500A7A47A /* ProfileImageService.swift */ = {isa = PBXFileReference; lastKnownFileType = sourcecode.swift; path = ProfileImageService.swift; sourceTree = "<group>"; };
		26B61BF82AE030F900A7A47A /* TabBarController.swift */ = {isa = PBXFileReference; indentWidth = 4; lastKnownFileType = sourcecode.swift; path = TabBarController.swift; sourceTree = "<group>"; tabWidth = 4; usesTabs = 0; };
		26EA63482A9A144300141F44 /* ImageFeed.app */ = {isa = PBXFileReference; explicitFileType = wrapper.application; includeInIndex = 0; path = ImageFeed.app; sourceTree = BUILT_PRODUCTS_DIR; };
		26EA634B2A9A144300141F44 /* AppDelegate.swift */ = {isa = PBXFileReference; lastKnownFileType = sourcecode.swift; path = AppDelegate.swift; sourceTree = "<group>"; };
		26EA634D2A9A144300141F44 /* SceneDelegate.swift */ = {isa = PBXFileReference; lastKnownFileType = sourcecode.swift; path = SceneDelegate.swift; sourceTree = "<group>"; };
		26EA634F2A9A144300141F44 /* ImagesListViewController.swift */ = {isa = PBXFileReference; lastKnownFileType = sourcecode.swift; path = ImagesListViewController.swift; sourceTree = "<group>"; };
		26EA63522A9A144300141F44 /* Base */ = {isa = PBXFileReference; lastKnownFileType = file.storyboard; name = Base; path = Base.lproj/Main.storyboard; sourceTree = "<group>"; };
		26EA63542A9A144500141F44 /* Assets.xcassets */ = {isa = PBXFileReference; lastKnownFileType = folder.assetcatalog; path = Assets.xcassets; sourceTree = "<group>"; };
		26EA63572A9A144500141F44 /* Base */ = {isa = PBXFileReference; lastKnownFileType = file.storyboard; name = Base; path = Base.lproj/LaunchScreen.storyboard; sourceTree = "<group>"; };
		26EA63592A9A144500141F44 /* Info.plist */ = {isa = PBXFileReference; lastKnownFileType = text.plist.xml; path = Info.plist; sourceTree = "<group>"; };
		26EA637F2AA24F0E00141F44 /* ImagesListCell.swift */ = {isa = PBXFileReference; lastKnownFileType = sourcecode.swift; path = ImagesListCell.swift; sourceTree = "<group>"; };
		26EA63842AAC5A7300141F44 /* ProfileViewController.swift */ = {isa = PBXFileReference; lastKnownFileType = sourcecode.swift; path = ProfileViewController.swift; sourceTree = "<group>"; };
		26EA63862AB7522B00141F44 /* SingleImageViewController.swift */ = {isa = PBXFileReference; lastKnownFileType = sourcecode.swift; path = SingleImageViewController.swift; sourceTree = "<group>"; };
		26EA638A2ACC78D900141F44 /* Constants.swift */ = {isa = PBXFileReference; lastKnownFileType = sourcecode.swift; path = Constants.swift; sourceTree = "<group>"; };
		26EA638C2ACC7DBF00141F44 /* AuthViewController.swift */ = {isa = PBXFileReference; lastKnownFileType = sourcecode.swift; path = AuthViewController.swift; sourceTree = "<group>"; };
		26EA638F2ACC832100141F44 /* WebViewViewController.swift */ = {isa = PBXFileReference; lastKnownFileType = sourcecode.swift; path = WebViewViewController.swift; sourceTree = "<group>"; };
		26EA63972ACCA17E00141F44 /* OAuth2Service.swift */ = {isa = PBXFileReference; lastKnownFileType = sourcecode.swift; path = OAuth2Service.swift; sourceTree = "<group>"; };
		26EA63992ACCA6E500141F44 /* OAuthTokenResponseBody.swift */ = {isa = PBXFileReference; lastKnownFileType = sourcecode.swift; path = OAuthTokenResponseBody.swift; sourceTree = "<group>"; };
		26EA639C2ACDE29600141F44 /* SplashScreenViewController.swift */ = {isa = PBXFileReference; lastKnownFileType = sourcecode.swift; path = SplashScreenViewController.swift; sourceTree = "<group>"; };
/* End PBXFileReference section */

/* Begin PBXFrameworksBuildPhase section */
		26EA63452A9A144300141F44 /* Frameworks */ = {
			isa = PBXFrameworksBuildPhase;
			buildActionMask = 2147483647;
			files = (
				26B61BF22ADBF27A00A7A47A /* Kingfisher in Frameworks */,
				26B61BE92ADACA7000A7A47A /* ProgressHUD in Frameworks */,
				26B61BF72AE0092500A7A47A /* SwiftKeychainWrapper in Frameworks */,
			);
			runOnlyForDeploymentPostprocessing = 0;
		};
/* End PBXFrameworksBuildPhase section */

/* Begin PBXGroup section */
		266D07982AE8FCC300DA58E8 /* Services */ = {
			isa = PBXGroup;
			children = (
				26B61BEE2ADB222500A7A47A /* ProfileImageService.swift */,
				26B61BEC2ADAE4C000A7A47A /* ProfileService.swift */,
				26EA63972ACCA17E00141F44 /* OAuth2Service.swift */,
				266D07A22AE903D900DA58E8 /* ImageListService.swift */,
			);
			path = Services;
			sourceTree = "<group>";
		};
		266D07A12AE8FDF700DA58E8 /* TabBar */ = {
			isa = PBXGroup;
			children = (
				26B61BF82AE030F900A7A47A /* TabBarController.swift */,
			);
			path = TabBar;
			sourceTree = "<group>";
		};
		26EA633F2A9A144300141F44 = {
			isa = PBXGroup;
			children = (
				26EA634A2A9A144300141F44 /* ImageFeed */,
				26EA63492A9A144300141F44 /* Products */,
			);
			sourceTree = "<group>";
		};
		26EA63492A9A144300141F44 /* Products */ = {
			isa = PBXGroup;
			children = (
				26EA63482A9A144300141F44 /* ImageFeed.app */,
			);
			name = Products;
			sourceTree = "<group>";
		};
		26EA634A2A9A144300141F44 /* ImageFeed */ = {
			isa = PBXGroup;
			children = (
				266D07A12AE8FDF700DA58E8 /* TabBar */,
				266D07982AE8FCC300DA58E8 /* Services */,
				26EA639B2ACDE27900141F44 /* SplashScreen */,
				26EA638E2ACC821400141F44 /* Auth */,
				26EA63892ACC78C400141F44 /* ProfileView */,
				26EA63882AB8BD5900141F44 /* SingleImageView */,
				26EA63812AA24F3600141F44 /* ImageList */,
				26EA634B2A9A144300141F44 /* AppDelegate.swift */,
				26EA634D2A9A144300141F44 /* SceneDelegate.swift */,
				26B61BEA2ADAE39500A7A47A /* UIBlockingProgressHUD.swift */,
				26EA63512A9A144300141F44 /* Main.storyboard */,
				26EA63542A9A144500141F44 /* Assets.xcassets */,
				26EA63562A9A144500141F44 /* LaunchScreen.storyboard */,
				26EA63592A9A144500141F44 /* Info.plist */,
			);
			path = ImageFeed;
			sourceTree = "<group>";
		};
		26EA63812AA24F3600141F44 /* ImageList */ = {
			isa = PBXGroup;
			children = (
				26EA637F2AA24F0E00141F44 /* ImagesListCell.swift */,
				26EA634F2A9A144300141F44 /* ImagesListViewController.swift */,
				266D07A42AE9042F00DA58E8 /* Photo.swift */,
				266D07A62AE9092F00DA58E8 /* PhotoResult.swift */,
				266D07A82AE9094D00DA58E8 /* UrlsResult.swift */,
			);
			path = ImageList;
			sourceTree = "<group>";
		};
		26EA63882AB8BD5900141F44 /* SingleImageView */ = {
			isa = PBXGroup;
			children = (
				26EA63862AB7522B00141F44 /* SingleImageViewController.swift */,
			);
			path = SingleImageView;
			sourceTree = "<group>";
		};
		26EA63892ACC78C400141F44 /* ProfileView */ = {
			isa = PBXGroup;
			children = (
				26EA63842AAC5A7300141F44 /* ProfileViewController.swift */,
				266D07992AE8FD2900DA58E8 /* UserResult.swift */,
				266D079B2AE8FD9500DA58E8 /* ImageResult.swift */,
				266D079D2AE8FDB300DA58E8 /* Profile.swift */,
				266D079F2AE8FDCC00DA58E8 /* ProfileResult.swift */,
			);
			path = ProfileView;
			sourceTree = "<group>";
		};
		26EA638E2ACC821400141F44 /* Auth */ = {
			isa = PBXGroup;
			children = (
				26EA638A2ACC78D900141F44 /* Constants.swift */,
				26EA638C2ACC7DBF00141F44 /* AuthViewController.swift */,
				26EA638F2ACC832100141F44 /* WebViewViewController.swift */,
				26EA63992ACCA6E500141F44 /* OAuthTokenResponseBody.swift */,
			);
			path = Auth;
			sourceTree = "<group>";
		};
		26EA639B2ACDE27900141F44 /* SplashScreen */ = {
			isa = PBXGroup;
			children = (
				26EA639C2ACDE29600141F44 /* SplashScreenViewController.swift */,
			);
			path = SplashScreen;
			sourceTree = "<group>";
		};
/* End PBXGroup section */

/* Begin PBXNativeTarget section */
		26EA63472A9A144300141F44 /* ImageFeed */ = {
			isa = PBXNativeTarget;
			buildConfigurationList = 26EA635C2A9A144500141F44 /* Build configuration list for PBXNativeTarget "ImageFeed" */;
			buildPhases = (
				26EA63442A9A144300141F44 /* Sources */,
				26EA63452A9A144300141F44 /* Frameworks */,
				26EA63462A9A144300141F44 /* Resources */,
			);
			buildRules = (
			);
			dependencies = (
			);
			name = ImageFeed;
			packageProductDependencies = (
				26B61BE82ADACA7000A7A47A /* ProgressHUD */,
				26B61BF12ADBF27A00A7A47A /* Kingfisher */,
				26B61BF62AE0092500A7A47A /* SwiftKeychainWrapper */,
			);
			productName = ImageFeed;
			productReference = 26EA63482A9A144300141F44 /* ImageFeed.app */;
			productType = "com.apple.product-type.application";
		};
/* End PBXNativeTarget section */

/* Begin PBXProject section */
		26EA63402A9A144300141F44 /* Project object */ = {
			isa = PBXProject;
			attributes = {
				BuildIndependentTargetsInParallel = 1;
				LastSwiftUpdateCheck = 1420;
				LastUpgradeCheck = 1420;
				TargetAttributes = {
					26EA63472A9A144300141F44 = {
						CreatedOnToolsVersion = 14.2;
					};
				};
			};
			buildConfigurationList = 26EA63432A9A144300141F44 /* Build configuration list for PBXProject "ImageFeed" */;
			compatibilityVersion = "Xcode 14.0";
			developmentRegion = en;
			hasScannedForEncodings = 0;
			knownRegions = (
				en,
				Base,
			);
			mainGroup = 26EA633F2A9A144300141F44;
			packageReferences = (
				26B61BE72ADACA7000A7A47A /* XCRemoteSwiftPackageReference "ProgressHUD" */,
				26B61BF02ADBF27A00A7A47A /* XCRemoteSwiftPackageReference "Kingfisher" */,
				26B61BF52AE0092500A7A47A /* XCRemoteSwiftPackageReference "SwiftKeychainWrapper" */,
			);
			productRefGroup = 26EA63492A9A144300141F44 /* Products */;
			projectDirPath = "";
			projectRoot = "";
			targets = (
				26EA63472A9A144300141F44 /* ImageFeed */,
			);
		};
/* End PBXProject section */

/* Begin PBXResourcesBuildPhase section */
		26EA63462A9A144300141F44 /* Resources */ = {
			isa = PBXResourcesBuildPhase;
			buildActionMask = 2147483647;
			files = (
				26EA63582A9A144500141F44 /* LaunchScreen.storyboard in Resources */,
				26EA63552A9A144500141F44 /* Assets.xcassets in Resources */,
				26EA63532A9A144300141F44 /* Main.storyboard in Resources */,
			);
			runOnlyForDeploymentPostprocessing = 0;
		};
/* End PBXResourcesBuildPhase section */

/* Begin PBXSourcesBuildPhase section */
		26EA63442A9A144300141F44 /* Sources */ = {
			isa = PBXSourcesBuildPhase;
			buildActionMask = 2147483647;
			files = (
				266D07A92AE9094D00DA58E8 /* UrlsResult.swift in Sources */,
				26EA63502A9A144300141F44 /* ImagesListViewController.swift in Sources */,
				26B61BF92AE030F900A7A47A /* TabBarController.swift in Sources */,
				266D07A32AE903D900DA58E8 /* ImageListService.swift in Sources */,
				26EA639A2ACCA6E500141F44 /* OAuthTokenResponseBody.swift in Sources */,
				26EA639D2ACDE29600141F44 /* SplashScreenViewController.swift in Sources */,
				26EA63802AA24F0E00141F44 /* ImagesListCell.swift in Sources */,
				266D07A72AE9092F00DA58E8 /* PhotoResult.swift in Sources */,
				26EA63852AAC5A7300141F44 /* ProfileViewController.swift in Sources */,
				26EA63982ACCA17E00141F44 /* OAuth2Service.swift in Sources */,
				26EA634C2A9A144300141F44 /* AppDelegate.swift in Sources */,
				26EA638D2ACC7DBF00141F44 /* AuthViewController.swift in Sources */,
				26B61BEF2ADB222500A7A47A /* ProfileImageService.swift in Sources */,
				26EA638B2ACC78D900141F44 /* Constants.swift in Sources */,
				26EA63872AB7522B00141F44 /* SingleImageViewController.swift in Sources */,
				26EA63902ACC832100141F44 /* WebViewViewController.swift in Sources */,
				26EA634E2A9A144300141F44 /* SceneDelegate.swift in Sources */,
				26B61BEB2ADAE39500A7A47A /* UIBlockingProgressHUD.swift in Sources */,
				266D079A2AE8FD2900DA58E8 /* UserResult.swift in Sources */,
				266D079E2AE8FDB300DA58E8 /* Profile.swift in Sources */,
				266D07A52AE9042F00DA58E8 /* Photo.swift in Sources */,
				266D079C2AE8FD9500DA58E8 /* ImageResult.swift in Sources */,
				266D07A02AE8FDCC00DA58E8 /* ProfileResult.swift in Sources */,
				26B61BED2ADAE4C000A7A47A /* ProfileService.swift in Sources */,
			);
			runOnlyForDeploymentPostprocessing = 0;
		};
/* End PBXSourcesBuildPhase section */

/* Begin PBXVariantGroup section */
		26EA63512A9A144300141F44 /* Main.storyboard */ = {
			isa = PBXVariantGroup;
			children = (
				26EA63522A9A144300141F44 /* Base */,
			);
			name = Main.storyboard;
			sourceTree = "<group>";
		};
		26EA63562A9A144500141F44 /* LaunchScreen.storyboard */ = {
			isa = PBXVariantGroup;
			children = (
				26EA63572A9A144500141F44 /* Base */,
			);
			name = LaunchScreen.storyboard;
			sourceTree = "<group>";
		};
/* End PBXVariantGroup section */

/* Begin XCBuildConfiguration section */
		26EA635A2A9A144500141F44 /* Debug */ = {
			isa = XCBuildConfiguration;
			buildSettings = {
				ALWAYS_SEARCH_USER_PATHS = NO;
				CLANG_ANALYZER_NONNULL = YES;
				CLANG_ANALYZER_NUMBER_OBJECT_CONVERSION = YES_AGGRESSIVE;
				CLANG_CXX_LANGUAGE_STANDARD = "gnu++20";
				CLANG_ENABLE_MODULES = YES;
				CLANG_ENABLE_OBJC_ARC = YES;
				CLANG_ENABLE_OBJC_WEAK = YES;
				CLANG_WARN_BLOCK_CAPTURE_AUTORELEASING = YES;
				CLANG_WARN_BOOL_CONVERSION = YES;
				CLANG_WARN_COMMA = YES;
				CLANG_WARN_CONSTANT_CONVERSION = YES;
				CLANG_WARN_DEPRECATED_OBJC_IMPLEMENTATIONS = YES;
				CLANG_WARN_DIRECT_OBJC_ISA_USAGE = YES_ERROR;
				CLANG_WARN_DOCUMENTATION_COMMENTS = YES;
				CLANG_WARN_EMPTY_BODY = YES;
				CLANG_WARN_ENUM_CONVERSION = YES;
				CLANG_WARN_INFINITE_RECURSION = YES;
				CLANG_WARN_INT_CONVERSION = YES;
				CLANG_WARN_NON_LITERAL_NULL_CONVERSION = YES;
				CLANG_WARN_OBJC_IMPLICIT_RETAIN_SELF = YES;
				CLANG_WARN_OBJC_LITERAL_CONVERSION = YES;
				CLANG_WARN_OBJC_ROOT_CLASS = YES_ERROR;
				CLANG_WARN_QUOTED_INCLUDE_IN_FRAMEWORK_HEADER = YES;
				CLANG_WARN_RANGE_LOOP_ANALYSIS = YES;
				CLANG_WARN_STRICT_PROTOTYPES = YES;
				CLANG_WARN_SUSPICIOUS_MOVE = YES;
				CLANG_WARN_UNGUARDED_AVAILABILITY = YES_AGGRESSIVE;
				CLANG_WARN_UNREACHABLE_CODE = YES;
				CLANG_WARN__DUPLICATE_METHOD_MATCH = YES;
				COPY_PHASE_STRIP = NO;
				DEBUG_INFORMATION_FORMAT = dwarf;
				ENABLE_STRICT_OBJC_MSGSEND = YES;
				ENABLE_TESTABILITY = YES;
				GCC_C_LANGUAGE_STANDARD = gnu11;
				GCC_DYNAMIC_NO_PIC = NO;
				GCC_NO_COMMON_BLOCKS = YES;
				GCC_OPTIMIZATION_LEVEL = 0;
				GCC_PREPROCESSOR_DEFINITIONS = (
					"DEBUG=1",
					"$(inherited)",
				);
				GCC_WARN_64_TO_32_BIT_CONVERSION = YES;
				GCC_WARN_ABOUT_RETURN_TYPE = YES_ERROR;
				GCC_WARN_UNDECLARED_SELECTOR = YES;
				GCC_WARN_UNINITIALIZED_AUTOS = YES_AGGRESSIVE;
				GCC_WARN_UNUSED_FUNCTION = YES;
				GCC_WARN_UNUSED_VARIABLE = YES;
				IPHONEOS_DEPLOYMENT_TARGET = 16.2;
				MTL_ENABLE_DEBUG_INFO = INCLUDE_SOURCE;
				MTL_FAST_MATH = YES;
				ONLY_ACTIVE_ARCH = YES;
				SDKROOT = iphoneos;
				SWIFT_ACTIVE_COMPILATION_CONDITIONS = DEBUG;
				SWIFT_OPTIMIZATION_LEVEL = "-Onone";
			};
			name = Debug;
		};
		26EA635B2A9A144500141F44 /* Release */ = {
			isa = XCBuildConfiguration;
			buildSettings = {
				ALWAYS_SEARCH_USER_PATHS = NO;
				CLANG_ANALYZER_NONNULL = YES;
				CLANG_ANALYZER_NUMBER_OBJECT_CONVERSION = YES_AGGRESSIVE;
				CLANG_CXX_LANGUAGE_STANDARD = "gnu++20";
				CLANG_ENABLE_MODULES = YES;
				CLANG_ENABLE_OBJC_ARC = YES;
				CLANG_ENABLE_OBJC_WEAK = YES;
				CLANG_WARN_BLOCK_CAPTURE_AUTORELEASING = YES;
				CLANG_WARN_BOOL_CONVERSION = YES;
				CLANG_WARN_COMMA = YES;
				CLANG_WARN_CONSTANT_CONVERSION = YES;
				CLANG_WARN_DEPRECATED_OBJC_IMPLEMENTATIONS = YES;
				CLANG_WARN_DIRECT_OBJC_ISA_USAGE = YES_ERROR;
				CLANG_WARN_DOCUMENTATION_COMMENTS = YES;
				CLANG_WARN_EMPTY_BODY = YES;
				CLANG_WARN_ENUM_CONVERSION = YES;
				CLANG_WARN_INFINITE_RECURSION = YES;
				CLANG_WARN_INT_CONVERSION = YES;
				CLANG_WARN_NON_LITERAL_NULL_CONVERSION = YES;
				CLANG_WARN_OBJC_IMPLICIT_RETAIN_SELF = YES;
				CLANG_WARN_OBJC_LITERAL_CONVERSION = YES;
				CLANG_WARN_OBJC_ROOT_CLASS = YES_ERROR;
				CLANG_WARN_QUOTED_INCLUDE_IN_FRAMEWORK_HEADER = YES;
				CLANG_WARN_RANGE_LOOP_ANALYSIS = YES;
				CLANG_WARN_STRICT_PROTOTYPES = YES;
				CLANG_WARN_SUSPICIOUS_MOVE = YES;
				CLANG_WARN_UNGUARDED_AVAILABILITY = YES_AGGRESSIVE;
				CLANG_WARN_UNREACHABLE_CODE = YES;
				CLANG_WARN__DUPLICATE_METHOD_MATCH = YES;
				COPY_PHASE_STRIP = NO;
				DEBUG_INFORMATION_FORMAT = "dwarf-with-dsym";
				ENABLE_NS_ASSERTIONS = NO;
				ENABLE_STRICT_OBJC_MSGSEND = YES;
				GCC_C_LANGUAGE_STANDARD = gnu11;
				GCC_NO_COMMON_BLOCKS = YES;
				GCC_WARN_64_TO_32_BIT_CONVERSION = YES;
				GCC_WARN_ABOUT_RETURN_TYPE = YES_ERROR;
				GCC_WARN_UNDECLARED_SELECTOR = YES;
				GCC_WARN_UNINITIALIZED_AUTOS = YES_AGGRESSIVE;
				GCC_WARN_UNUSED_FUNCTION = YES;
				GCC_WARN_UNUSED_VARIABLE = YES;
				IPHONEOS_DEPLOYMENT_TARGET = 16.2;
				MTL_ENABLE_DEBUG_INFO = NO;
				MTL_FAST_MATH = YES;
				SDKROOT = iphoneos;
				SWIFT_COMPILATION_MODE = wholemodule;
				SWIFT_OPTIMIZATION_LEVEL = "-O";
				VALIDATE_PRODUCT = YES;
			};
			name = Release;
		};
		26EA635D2A9A144500141F44 /* Debug */ = {
			isa = XCBuildConfiguration;
			buildSettings = {
				ASSETCATALOG_COMPILER_APPICON_NAME = AppIcon;
				ASSETCATALOG_COMPILER_GLOBAL_ACCENT_COLOR_NAME = AccentColor;
				CODE_SIGN_STYLE = Automatic;
				CURRENT_PROJECT_VERSION = 1;
				DEVELOPMENT_TEAM = H47RMLWCVY;
				GENERATE_INFOPLIST_FILE = YES;
				INFOPLIST_FILE = ImageFeed/Info.plist;
				INFOPLIST_KEY_UIApplicationSupportsIndirectInputEvents = YES;
				INFOPLIST_KEY_UILaunchStoryboardName = LaunchScreen;
				INFOPLIST_KEY_UIMainStoryboardFile = "";
				INFOPLIST_KEY_UIStatusBarStyle = UIStatusBarStyleLightContent;
				INFOPLIST_KEY_UISupportedInterfaceOrientations = UIInterfaceOrientationPortrait;
				IPHONEOS_DEPLOYMENT_TARGET = 13.0;
				LD_RUNPATH_SEARCH_PATHS = (
					"$(inherited)",
					"@executable_path/Frameworks",
				);
				MARKETING_VERSION = 1.0;
				PRODUCT_BUNDLE_IDENTIFIER = ru.yandex.practicum.ImageFeed1;
				PRODUCT_NAME = "$(TARGET_NAME)";
				SUPPORTED_PLATFORMS = "iphoneos iphonesimulator";
				SUPPORTS_MACCATALYST = NO;
				SUPPORTS_MAC_DESIGNED_FOR_IPHONE_IPAD = YES;
				SWIFT_EMIT_LOC_STRINGS = YES;
				SWIFT_VERSION = 5.0;
				TARGETED_DEVICE_FAMILY = 1;
			};
			name = Debug;
		};
		26EA635E2A9A144500141F44 /* Release */ = {
			isa = XCBuildConfiguration;
			buildSettings = {
				ASSETCATALOG_COMPILER_APPICON_NAME = AppIcon;
				ASSETCATALOG_COMPILER_GLOBAL_ACCENT_COLOR_NAME = AccentColor;
				CODE_SIGN_STYLE = Automatic;
				CURRENT_PROJECT_VERSION = 1;
				DEVELOPMENT_TEAM = H47RMLWCVY;
				GENERATE_INFOPLIST_FILE = YES;
				INFOPLIST_FILE = ImageFeed/Info.plist;
				INFOPLIST_KEY_UIApplicationSupportsIndirectInputEvents = YES;
				INFOPLIST_KEY_UILaunchStoryboardName = LaunchScreen;
				INFOPLIST_KEY_UIMainStoryboardFile = "";
				INFOPLIST_KEY_UIStatusBarStyle = UIStatusBarStyleLightContent;
				INFOPLIST_KEY_UISupportedInterfaceOrientations = UIInterfaceOrientationPortrait;
				IPHONEOS_DEPLOYMENT_TARGET = 13.0;
				LD_RUNPATH_SEARCH_PATHS = (
					"$(inherited)",
					"@executable_path/Frameworks",
				);
				MARKETING_VERSION = 1.0;
				PRODUCT_BUNDLE_IDENTIFIER = ru.yandex.practicum.ImageFeed1;
				PRODUCT_NAME = "$(TARGET_NAME)";
				SUPPORTED_PLATFORMS = "iphoneos iphonesimulator";
				SUPPORTS_MACCATALYST = NO;
				SUPPORTS_MAC_DESIGNED_FOR_IPHONE_IPAD = YES;
				SWIFT_EMIT_LOC_STRINGS = YES;
				SWIFT_VERSION = 5.0;
				TARGETED_DEVICE_FAMILY = 1;
			};
			name = Release;
		};
/* End XCBuildConfiguration section */

/* Begin XCConfigurationList section */
		26EA63432A9A144300141F44 /* Build configuration list for PBXProject "ImageFeed" */ = {
			isa = XCConfigurationList;
			buildConfigurations = (
				26EA635A2A9A144500141F44 /* Debug */,
				26EA635B2A9A144500141F44 /* Release */,
			);
			defaultConfigurationIsVisible = 0;
			defaultConfigurationName = Release;
		};
		26EA635C2A9A144500141F44 /* Build configuration list for PBXNativeTarget "ImageFeed" */ = {
			isa = XCConfigurationList;
			buildConfigurations = (
				26EA635D2A9A144500141F44 /* Debug */,
				26EA635E2A9A144500141F44 /* Release */,
			);
			defaultConfigurationIsVisible = 0;
			defaultConfigurationName = Release;
		};
/* End XCConfigurationList section */

/* Begin XCRemoteSwiftPackageReference section */
		26B61BE72ADACA7000A7A47A /* XCRemoteSwiftPackageReference "ProgressHUD" */ = {
			isa = XCRemoteSwiftPackageReference;
			repositoryURL = "https://github.com/relatedcode/ProgressHUD";
			requirement = {
				kind = upToNextMajorVersion;
				minimumVersion = 13.0.0;
			};
		};
		26B61BF02ADBF27A00A7A47A /* XCRemoteSwiftPackageReference "Kingfisher" */ = {
			isa = XCRemoteSwiftPackageReference;
			repositoryURL = "https://github.com/onevcat/Kingfisher";
			requirement = {
				kind = upToNextMajorVersion;
				minimumVersion = 7.0.0;
			};
		};
		26B61BF52AE0092500A7A47A /* XCRemoteSwiftPackageReference "SwiftKeychainWrapper" */ = {
			isa = XCRemoteSwiftPackageReference;
			repositoryURL = "https://github.com/jrendel/SwiftKeychainWrapper";
			requirement = {
				kind = upToNextMajorVersion;
				minimumVersion = 4.0.0;
			};
		};
/* End XCRemoteSwiftPackageReference section */

/* Begin XCSwiftPackageProductDependency section */
		26B61BE82ADACA7000A7A47A /* ProgressHUD */ = {
			isa = XCSwiftPackageProductDependency;
			package = 26B61BE72ADACA7000A7A47A /* XCRemoteSwiftPackageReference "ProgressHUD" */;
			productName = ProgressHUD;
		};
		26B61BF12ADBF27A00A7A47A /* Kingfisher */ = {
			isa = XCSwiftPackageProductDependency;
			package = 26B61BF02ADBF27A00A7A47A /* XCRemoteSwiftPackageReference "Kingfisher" */;
			productName = Kingfisher;
		};
		26B61BF62AE0092500A7A47A /* SwiftKeychainWrapper */ = {
			isa = XCSwiftPackageProductDependency;
			package = 26B61BF52AE0092500A7A47A /* XCRemoteSwiftPackageReference "SwiftKeychainWrapper" */;
			productName = SwiftKeychainWrapper;
		};
/* End XCSwiftPackageProductDependency section */
	};
	rootObject = 26EA63402A9A144300141F44 /* Project object */;
}
